
Microsoft Visual Studio Solution File, Format Version 12.00
# Visual Studio Version 16
VisualStudioVersion = 16.0.30011.22
MinimumVisualStudioVersion = 10.0.40219.1
Project("{FAE04EC0-301F-11D3-BF4B-00C04F79EFBC}") = "UrlShortener.DBM", "UrlShortener.DBM\UrlShortener.DBM.csproj", "{C2C7B6C6-1AB0-4793-B16E-F1A94481AB15}"
EndProject
Project("{FAE04EC0-301F-11D3-BF4B-00C04F79EFBC}") = "UrlShortener.API", "UrlShortener.API\UrlShortener.API.csproj", "{75D6E3C1-DD7A-4B8C-9FA3-0B5FDF0874B7}"
EndProject
Project("{FAE04EC0-301F-11D3-BF4B-00C04F79EFBC}") = "UrlShortener.DLM", "UrlShortener.DLM\UrlShortener.DLM.csproj", "{33A1FD93-5B7A-42DF-A06E-C449F94F3F1E}"
	ProjectSection(ProjectDependencies) = postProject
		{C2C7B6C6-1AB0-4793-B16E-F1A94481AB15} = {C2C7B6C6-1AB0-4793-B16E-F1A94481AB15}
	EndProjectSection
EndProject
Project("{FAE04EC0-301F-11D3-BF4B-00C04F79EFBC}") = "UrlShortener", "UrlShortener\UrlShortener.csproj", "{7A3AA3C8-679B-4329-A8D2-29F9E810BCE3}"
EndProject
Global
	GlobalSection(SolutionConfigurationPlatforms) = preSolution
		Debug|Any CPU = Debug|Any CPU
		Release|Any CPU = Release|Any CPU
	EndGlobalSection
	GlobalSection(ProjectConfigurationPlatforms) = postSolution
		{C2C7B6C6-1AB0-4793-B16E-F1A94481AB15}.Debug|Any CPU.ActiveCfg = Debug|Any CPU
		{C2C7B6C6-1AB0-4793-B16E-F1A94481AB15}.Debug|Any CPU.Build.0 = Debug|Any CPU
		{C2C7B6C6-1AB0-4793-B16E-F1A94481AB15}.Release|Any CPU.ActiveCfg = Release|Any CPU
		{C2C7B6C6-1AB0-4793-B16E-F1A94481AB15}.Release|Any CPU.Build.0 = Release|Any CPU
		{75D6E3C1-DD7A-4B8C-9FA3-0B5FDF0874B7}.Debug|Any CPU.ActiveCfg = Debug|Any CPU
		{75D6E3C1-DD7A-4B8C-9FA3-0B5FDF0874B7}.Debug|Any CPU.Build.0 = Debug|Any CPU
		{75D6E3C1-DD7A-4B8C-9FA3-0B5FDF0874B7}.Release|Any CPU.ActiveCfg = Release|Any CPU
		{75D6E3C1-DD7A-4B8C-9FA3-0B5FDF0874B7}.Release|Any CPU.Build.0 = Release|Any CPU
		{33A1FD93-5B7A-42DF-A06E-C449F94F3F1E}.Debug|Any CPU.ActiveCfg = Debug|Any CPU
		{33A1FD93-5B7A-42DF-A06E-C449F94F3F1E}.Debug|Any CPU.Build.0 = Debug|Any CPU
		{33A1FD93-5B7A-42DF-A06E-C449F94F3F1E}.Release|Any CPU.ActiveCfg = Release|Any CPU
		{33A1FD93-5B7A-42DF-A06E-C449F94F3F1E}.Release|Any CPU.Build.0 = Release|Any CPU
		{7A3AA3C8-679B-4329-A8D2-29F9E810BCE3}.Debug|Any CPU.ActiveCfg = Debug|Any CPU
		{7A3AA3C8-679B-4329-A8D2-29F9E810BCE3}.Debug|Any CPU.Build.0 = Debug|Any CPU
		{7A3AA3C8-679B-4329-A8D2-29F9E810BCE3}.Release|Any CPU.ActiveCfg = Release|Any CPU
		{7A3AA3C8-679B-4329-A8D2-29F9E810BCE3}.Release|Any CPU.Build.0 = Release|Any CPU
	EndGlobalSection
	GlobalSection(SolutionProperties) = preSolution
		HideSolutionNode = FALSE
	EndGlobalSection
	GlobalSection(ExtensibilityGlobals) = postSolution
		SolutionGuid = {3DC8868D-BE93-4712-92E7-B4D784B52321}
	EndGlobalSection
EndGlobal
